
Microsoft Visual Studio Solution File, Format Version 12.00
# Visual Studio Version 17
VisualStudioVersion = 17.4.33122.133
MinimumVisualStudioVersion = 10.0.40219.1
Project("{FAE04EC0-301F-11D3-BF4B-00C04F79EFBC}") = "RecordsSystem.PresentationLayer", "RecordsSystem.PresentationLayer\RecordsSystem.PresentationLayer.csproj", "{E2190917-D0D7-4C2D-8689-186D62E933B6}"
EndProject
Project("{FAE04EC0-301F-11D3-BF4B-00C04F79EFBC}") = "RecordsSystem.DataAccessLayer", "RecordsSystem.DataAccessLayer\RecordsSystem.DataAccessLayer.csproj", "{DC00328E-4FB4-4629-BE44-3B9951DA13FC}"
EndProject
Global
	GlobalSection(SolutionConfigurationPlatforms) = preSolution
		Debug|Any CPU = Debug|Any CPU
		Release|Any CPU = Release|Any CPU
	EndGlobalSection
	GlobalSection(ProjectConfigurationPlatforms) = postSolution
		{E2190917-D0D7-4C2D-8689-186D62E933B6}.Debug|Any CPU.ActiveCfg = Debug|Any CPU
		{E2190917-D0D7-4C2D-8689-186D62E933B6}.Debug|Any CPU.Build.0 = Debug|Any CPU
		{E2190917-D0D7-4C2D-8689-186D62E933B6}.Release|Any CPU.ActiveCfg = Release|Any CPU
		{E2190917-D0D7-4C2D-8689-186D62E933B6}.Release|Any CPU.Build.0 = Release|Any CPU
		{DC00328E-4FB4-4629-BE44-3B9951DA13FC}.Debug|Any CPU.ActiveCfg = Debug|Any CPU
		{DC00328E-4FB4-4629-BE44-3B9951DA13FC}.Debug|Any CPU.Build.0 = Debug|Any CPU
		{DC00328E-4FB4-4629-BE44-3B9951DA13FC}.Release|Any CPU.ActiveCfg = Release|Any CPU
		{DC00328E-4FB4-4629-BE44-3B9951DA13FC}.Release|Any CPU.Build.0 = Release|Any CPU
	EndGlobalSection
	GlobalSection(SolutionProperties) = preSolution
		HideSolutionNode = FALSE
	EndGlobalSection
	GlobalSection(ExtensibilityGlobals) = postSolution
		SolutionGuid = {28D33F87-A56A-4166-8A12-B67426B1E1C4}
	EndGlobalSection
EndGlobal
